
Microsoft Visual Studio Solution File, Format Version 12.00
# Visual Studio Version 16
VisualStudioVersion = 16.0.29806.167
MinimumVisualStudioVersion = 10.0.40219.1
Project("{9A19103F-16F7-4668-BE54-9A1E7A4F7556}") = "aplikacjacommerce", "aplikacjacommerce.csproj", "{8CA03AF1-2EF2-4DC4-8865-23376F0D92EB}"
EndProject
Global
	GlobalSection(SolutionConfigurationPlatforms) = preSolution
		Debug|Any CPU = Debug|Any CPU
		Release|Any CPU = Release|Any CPU
	EndGlobalSection
	GlobalSection(ProjectConfigurationPlatforms) = postSolution
		{8CA03AF1-2EF2-4DC4-8865-23376F0D92EB}.Debug|Any CPU.ActiveCfg = Debug|Any CPU
		{8CA03AF1-2EF2-4DC4-8865-23376F0D92EB}.Debug|Any CPU.Build.0 = Debug|Any CPU
		{8CA03AF1-2EF2-4DC4-8865-23376F0D92EB}.Release|Any CPU.ActiveCfg = Release|Any CPU
		{8CA03AF1-2EF2-4DC4-8865-23376F0D92EB}.Release|Any CPU.Build.0 = Release|Any CPU
	EndGlobalSection
	GlobalSection(SolutionProperties) = preSolution
		HideSolutionNode = FALSE
	EndGlobalSection
	GlobalSection(ExtensibilityGlobals) = postSolution
		SolutionGuid = {F8E92B36-BC8C-447C-A92C-122A972F6932}
	EndGlobalSection
EndGlobal
